{
  "name": "lollms-webui",
  "lockfileVersion": 3,
  "requires": true,
  "packages": {
    "": {
      "dependencies": {
        "vue-draggable-resizable": "^2.3.0"
      }
    },
    "node_modules/vue-draggable-resizable": {
      "version": "2.3.0",
      "resolved": "https://registry.npmjs.org/vue-draggable-resizable/-/vue-draggable-resizable-2.3.0.tgz",
      "integrity": "sha512-77CLRj1TPwB30pwsjOf3pkd1UzYanCdKXbqhILJ0Oo5QQl50lvBfyQCXxMFzwWwTc3sbBbQH3FfWSV+BkoSElA==",
      "engines": {
        "node": ">= 4.0.0",
        "npm": ">= 3.0.0"
      }
    }
  }
}
