# Generated by conda-lock.
# platform: linux-64
# input_hash: 2022448bbce3b359e45b2ba881baca2303966b46a0876aa133eabe1f2e50b8ba
# env_hash: 8248090bc3847aa4c266ca0d3e85e633d399ad83d4b91a9093739e462dc27530
@EXPLICIT
https://conda.anaconda.org/conda-forge/linux-64/_libgcc_mutex-0.1-conda_forge.tar.bz2#d7c89558ba9fa0495403155b64376d81
https://conda.anaconda.org/conda-forge/linux-64/ca-certificates-2022.12.7-ha878542_0.conda#ff9f73d45c4a07d6f424495288a26080
https://conda.anaconda.org/nvidia/linux-64/cuda-cudart-11.8.89-0.tar.bz2#b68c7ef3eda01e95d5903fb508c5e440
https://conda.anaconda.org/nvidia/linux-64/cuda-cupti-11.8.87-0.tar.bz2#2f4b4933285400137cf029fef9a7daa6
https://conda.anaconda.org/nvidia/linux-64/cuda-nvrtc-11.8.89-0.tar.bz2#f4af75ee32661708c979630cdb8f4987
https://conda.anaconda.org/nvidia/linux-64/cuda-nvtx-11.8.86-0.tar.bz2#1825ffc3feb608f2752073935e90bb49
https://conda.anaconda.org/conda-forge/noarch/font-ttf-dejavu-sans-mono-2.37-hab24e00_0.tar.bz2#0c96522c6bdaed4b1566d11387caaf45
https://conda.anaconda.org/conda-forge/noarch/font-ttf-inconsolata-3.000-h77eed37_0.tar.bz2#34893075a5c9e55cdafac56607368fc6
https://conda.anaconda.org/conda-forge/noarch/font-ttf-source-code-pro-2.038-h77eed37_0.tar.bz2#4d59c254e01d9cde7957100457e2d5fb
https://conda.anaconda.org/conda-forge/noarch/font-ttf-ubuntu-0.83-hab24e00_0.tar.bz2#19410c3df09dfb12d1206132a1d357c5
https://conda.anaconda.org/conda-forge/linux-64/ld_impl_linux-64-2.40-h41732ed_0.conda#7aca3059a1729aa76c597603f10b0dd3
https://conda.anaconda.org/nvidia/linux-64/libcublas-11.11.3.6-0.tar.bz2#7700a48c99151d2b77e7838aa0852da9
https://conda.anaconda.org/nvidia/linux-64/libcufft-10.9.0.58-0.tar.bz2#dbb21687334ce5f8e6a233cb18ee406b
https://conda.anaconda.org/nvidia/linux-64/libcufile-1.6.0.25-0.tar.bz2#3ed21496abc43118bb592e4f3126658e
https://conda.anaconda.org/nvidia/linux-64/libcurand-10.3.2.56-0.tar.bz2#b7f2c31cbf4f7fbe69584c36d9f02db4
https://conda.anaconda.org/nvidia/linux-64/libcusolver-11.4.1.48-0.tar.bz2#a497123295be4e0bd221da5bf215f8b8
https://conda.anaconda.org/nvidia/linux-64/libcusparse-11.7.5.86-0.tar.bz2#853c37fabd07b5b91d3007afc82c3ed4
https://conda.anaconda.org/conda-forge/linux-64/libgfortran5-12.2.0-h337968e_19.tar.bz2#164b4b1acaedc47ee7e658ae6b308ca3
https://conda.anaconda.org/nvidia/linux-64/libnpp-11.8.0.86-0.tar.bz2#03822c4b5dae5988ba9dcb7eae837345
https://conda.anaconda.org/nvidia/linux-64/libnvjpeg-11.9.0.86-0.tar.bz2#e42d6f0f20feb0cba0165d5cae33362f
https://conda.anaconda.org/conda-forge/linux-64/libstdcxx-ng-12.2.0-h46fd767_19.tar.bz2#1030b1f38c129f2634eae026f704fe60
https://conda.anaconda.org/conda-forge/linux-64/mkl-include-2022.1.0-h84fe81f_915.tar.bz2#2dcd1acca05c11410d4494d7fc7dfa2a
https://conda.anaconda.org/conda-forge/noarch/pybind11-abi-4-hd8ed1ab_3.tar.bz2#878f923dd6acc8aeb47a75da6c4098be
https://conda.anaconda.org/conda-forge/linux-64/python_abi-3.10-3_cp310.conda#4eb33d14d794b0f4be116443ffed3853
https://conda.anaconda.org/pytorch/noarch/pytorch-mutex-1.0-cuda.tar.bz2#a948316e36fb5b11223b3fcfa93f8358
https://conda.anaconda.org/conda-forge/noarch/tzdata-2022g-h191b570_0.conda#51fc4fcfb19f5d95ffc8c339db5068e8
https://conda.anaconda.org/nvidia/linux-64/cuda-libraries-11.8.0-0.tar.bz2#3a43d100104e52ac8209a834c82ab231
https://conda.anaconda.org/conda-forge/noarch/fonts-conda-forge-1-0.tar.bz2#f766549260d6815b0c52253f1fb1bb29
https://conda.anaconda.org/conda-forge/linux-64/libgfortran-ng-12.2.0-h69a702a_19.tar.bz2#cd7a806282c16e1f2d39a7e80d3a3e0d
https://conda.anaconda.org/nvidia/linux-64/cuda-runtime-11.8.0-0.tar.bz2#3ca379d762f8d7bd727df9e2c9b30664
https://conda.anaconda.org/conda-forge/noarch/fonts-conda-ecosystem-1-0.tar.bz2#fee5683a3f04bd15cbd8318b096a27ab
https://conda.anaconda.org/pytorch/linux-64/pytorch-cuda-11.8-h7e8668a_3.tar.bz2#e3ea1b73ccaf163c638d4a2b96d5db66
https://conda.anaconda.org/conda-forge/linux-64/_openmp_mutex-4.5-2_kmp_llvm.tar.bz2#562b26ba2e19059551a811e72ab7f793
https://conda.anaconda.org/conda-forge/linux-64/libgcc-ng-12.2.0-h65d4601_19.tar.bz2#e4c94f80aef025c17ab0828cd85ef535
https://conda.anaconda.org/conda-forge/linux-64/aom-3.5.0-h27087fc_0.tar.bz2#a08150fd2298460cd1fcccf626305642
https://conda.anaconda.org/conda-forge/linux-64/bzip2-1.0.8-h7f98852_4.tar.bz2#a1fd65c7ccbf10880423d82bca54eb54
https://conda.anaconda.org/conda-forge/linux-64/c-ares-1.18.1-h7f98852_0.tar.bz2#f26ef8098fab1f719c91eb760d63381a
https://conda.anaconda.org/conda-forge/linux-64/expat-2.5.0-h27087fc_0.tar.bz2#c4fbad8d4bddeb3c085f18cbf97fbfad
https://conda.anaconda.org/conda-forge/linux-64/fmt-9.1.0-h924138e_0.tar.bz2#b57864c85261a0fbc7132d2cc17478c7
https://conda.anaconda.org/conda-forge/linux-64/gettext-0.21.1-h27087fc_0.tar.bz2#14947d8770185e5153fdd04d4673ed37
https://conda.anaconda.org/conda-forge/linux-64/gmp-6.2.1-h58526e2_0.tar.bz2#b94cf2db16066b242ebd26db2facbd56
https://conda.anaconda.org/conda-forge/linux-64/icu-72.1-hcb278e6_0.conda#7c8d20d847bb45f56bd941578fcfa146
https://conda.anaconda.org/conda-forge/linux-64/jpeg-9e-h0b41bf4_3.conda#c7a069243e1fbe9a556ed2ec030e6407
https://conda.anaconda.org/conda-forge/linux-64/keyutils-1.6.1-h166bdaf_0.tar.bz2#30186d27e2c9fa62b45fb1476b7200e3
https://conda.anaconda.org/conda-forge/linux-64/lame-3.100-h166bdaf_1003.tar.bz2#a8832b479f93521a9e7b5b743803be51
https://conda.anaconda.org/conda-forge/linux-64/lerc-4.0.0-h27087fc_0.tar.bz2#76bbff344f0134279f225174e9064c8f
https://conda.anaconda.org/conda-forge/linux-64/libdeflate-1.17-h0b41bf4_0.conda#5cc781fd91968b11a8a7fdbee0982676
https://conda.anaconda.org/conda-forge/linux-64/libev-4.33-h516909a_1.tar.bz2#6f8720dff19e17ce5d48cfe7f3d2f0a3
https://conda.anaconda.org/conda-forge/linux-64/libffi-3.4.2-h7f98852_5.tar.bz2#d645c6d2ac96843a2bfaccd2d62b3ac3
https://conda.anaconda.org/conda-forge/linux-64/libiconv-1.17-h166bdaf_0.tar.bz2#b62b52da46c39ee2bc3c162ac7f1804d
https://conda.anaconda.org/conda-forge/linux-64/libnsl-2.0.0-h7f98852_0.tar.bz2#39b1328babf85c7c3a61636d9cd50206
https://conda.anaconda.org/conda-forge/linux-64/libopus-1.3.1-h7f98852_1.tar.bz2#15345e56d527b330e1cacbdf58676e8f
https://conda.anaconda.org/conda-forge/linux-64/libpciaccess-0.17-h166bdaf_0.tar.bz2#b7463391cf284065294e2941dd41ab95
https://conda.anaconda.org/conda-forge/linux-64/libtasn1-4.19.0-h166bdaf_0.tar.bz2#93840744a8552e9ebf6bb1a5dffc125a
https://conda.anaconda.org/conda-forge/linux-64/libunistring-0.9.10-h7f98852_0.tar.bz2#7245a044b4a1980ed83196176b78b73a
https://conda.anaconda.org/conda-forge/linux-64/libuuid-2.32.1-h7f98852_1000.tar.bz2#772d69f030955d9646d3d0eaf21d859d
https://conda.anaconda.org/conda-forge/linux-64/libvpx-1.11.0-h9c3ff4c_3.tar.bz2#ebe18273eebadbb4dfb13f1062e054e9
https://conda.anaconda.org/conda-forge/linux-64/libwebp-base-1.3.0-h0b41bf4_0.conda#0d4a7508d8c6c65314f2b9c1f56ad408
https://conda.anaconda.org/conda-forge/linux-64/libzlib-1.2.13-h166bdaf_4.tar.bz2#f3f9de449d32ca9b9c66a22863c96f41
https://conda.anaconda.org/conda-forge/linux-64/lz4-c-1.9.4-hcb278e6_0.conda#318b08df404f9c9be5712aaa5a6f0bb0
https://conda.anaconda.org/conda-forge/linux-64/lzo-2.10-h516909a_1000.tar.bz2#bb14fcb13341b81d5eb386423b9d2bac
https://conda.anaconda.org/conda-forge/linux-64/ncurses-6.3-h27087fc_1.tar.bz2#4acfc691e64342b9dae57cf2adc63238
https://conda.anaconda.org/conda-forge/linux-64/nettle-3.8.1-hc379101_1.tar.bz2#3cb2c7df59990bd37c2ce27fd906de68
https://conda.anaconda.org/conda-forge/linux-64/openh264-2.3.1-hcb278e6_2.conda#37d01894f256b2a6921c5a218f42f8a2
https://conda.anaconda.org/conda-forge/linux-64/openssl-3.1.0-h0b41bf4_0.conda#2d833be81a21128e317325a01326d36f
https://conda.anaconda.org/conda-forge/linux-64/pthread-stubs-0.4-h36c2ea0_1001.tar.bz2#22dad4df6e8630e8dff2428f6f6a7036
https://conda.anaconda.org/conda-forge/linux-64/reproc-14.2.4-h0b41bf4_0.conda#0f51393e019df1f0047ef864cd9ddeec
https://conda.anaconda.org/conda-forge/linux-64/svt-av1-1.4.1-hcb278e6_0.conda#2b32b8a10fa6ec9c18c897c4527720dc
https://conda.anaconda.org/conda-forge/linux-64/x264-1!164.3095-h166bdaf_2.tar.bz2#6c99772d483f566d59e25037fea2c4b1
https://conda.anaconda.org/conda-forge/linux-64/x265-3.5-h924138e_3.tar.bz2#e7f6ed84d4623d52ee581325c1587a6b
https://conda.anaconda.org/conda-forge/linux-64/xorg-kbproto-1.0.7-h7f98852_1002.tar.bz2#4b230e8381279d76131116660f5a241a
https://conda.anaconda.org/conda-forge/linux-64/xorg-libxau-1.0.9-h7f98852_0.tar.bz2#bf6f803a544f26ebbdc3bfff272eb179
https://conda.anaconda.org/conda-forge/linux-64/xorg-libxdmcp-1.1.3-h7f98852_0.tar.bz2#be93aabceefa2fac576e971aef407908
https://conda.anaconda.org/conda-forge/linux-64/xorg-xextproto-7.3.0-h0b41bf4_1003.conda#bce9f945da8ad2ae9b1d7165a64d0f87
https://conda.anaconda.org/conda-forge/linux-64/xorg-xproto-7.0.31-h7f98852_1007.tar.bz2#b4a4381d54784606820704f7b5f05a15
https://conda.anaconda.org/conda-forge/linux-64/xz-5.2.6-h166bdaf_0.tar.bz2#2161070d867d1b1204ea749c8eec4ef0
https://conda.anaconda.org/conda-forge/linux-64/yaml-cpp-0.7.0-h27087fc_2.tar.bz2#0449d47d8457feaa3720d4779616dde2
https://conda.anaconda.org/conda-forge/linux-64/libdrm-2.4.114-h166bdaf_0.tar.bz2#efb58e80f5d0179a783c4e76c3df3b9c
https://conda.anaconda.org/conda-forge/linux-64/libedit-3.1.20191231-he28a2e2_2.tar.bz2#4d331e44109e3f0e19b4cb8f9b82f3e1
https://conda.anaconda.org/conda-forge/linux-64/libidn2-2.3.4-h166bdaf_0.tar.bz2#7440fbafd870b8bab68f83a064875d34
https://conda.anaconda.org/conda-forge/linux-64/libnghttp2-1.52.0-h61bc06f_0.conda#613955a50485812985c059e7b269f42e
https://conda.anaconda.org/conda-forge/linux-64/libpng-1.6.39-h753d276_0.conda#e1c890aebdebbfbf87e2c917187b4416
https://conda.anaconda.org/conda-forge/linux-64/libsolv-0.7.23-h3eb15da_0.conda#122332e6deb4aea9eaf22021d2ecd256
https://conda.anaconda.org/conda-forge/linux-64/libsqlite-3.40.0-h753d276_0.tar.bz2#2e5f9a37d487e1019fd4d8113adb2f9f
https://conda.anaconda.org/conda-forge/linux-64/libssh2-1.10.0-hf14f497_3.tar.bz2#d85acad4b47dff4e3def14a769a97906
https://conda.anaconda.org/conda-forge/linux-64/libxcb-1.13-h7f98852_1004.tar.bz2#b3653fdc58d03face9724f602218a904
https://conda.anaconda.org/conda-forge/linux-64/libxml2-2.10.3-hfdac1af_6.conda#7eecaadc2eaeef464c5fe17702f17c86
https://conda.anaconda.org/conda-forge/linux-64/mpfr-4.2.0-hb012696_0.conda#14d87bdff2cbd3b1179a29fb316ed743
https://conda.anaconda.org/conda-forge/linux-64/p11-kit-0.24.1-hc5aa10d_0.tar.bz2#56ee94e34b71742bbdfa832c974e47a8
https://conda.anaconda.org/conda-forge/linux-64/readline-8.1.2-h0f457ee_0.tar.bz2#db2ebbe2943aae81ed051a6a9af8e0fa
https://conda.anaconda.org/conda-forge/linux-64/reproc-cpp-14.2.4-hcb278e6_0.conda#ede8e0f849f2fee2f78cb488b4ea3b33
https://conda.anaconda.org/conda-forge/linux-64/tk-8.6.12-h27826a3_0.tar.bz2#5b8c42eb62e9fc961af70bdd6a26e168
https://conda.anaconda.org/conda-forge/linux-64/xorg-fixesproto-5.0-h7f98852_1002.tar.bz2#65ad6e1eb4aed2b0611855aff05e04f6
https://conda.anaconda.org/conda-forge/linux-64/zstd-1.5.2-h3eb15da_6.conda#6b63daed8feeca47be78f323e793d555
https://conda.anaconda.org/conda-forge/linux-64/freetype-2.12.1-hca18f0e_1.conda#e1232042de76d24539a436d37597eb06
https://conda.anaconda.org/conda-forge/linux-64/gnutls-3.7.8-hf3e180e_0.tar.bz2#cbe8e27140d67c3f30e01cfb642a6e7c
https://conda.anaconda.org/conda-forge/linux-64/krb5-1.20.1-h81ceb04_0.conda#89a41adce7106749573d883b2f657d78
https://conda.anaconda.org/conda-forge/linux-64/libarchive-3.6.2-h3d51595_0.conda#9f915b4adeb9dcfd450b9ad238e2db4c
https://conda.anaconda.org/conda-forge/linux-64/libhwloc-2.9.0-hd6dc26d_0.conda#ab9d052373c9376c0ebcff4dfef3d296
https://conda.anaconda.org/conda-forge/linux-64/libtiff-4.5.0-h6adf6a1_2.conda#2e648a34072eb39d7c4fc2a9981c5f0c
https://conda.anaconda.org/conda-forge/linux-64/llvm-openmp-16.0.0-h417c0b6_0.conda#8ac4c157172ea816f5c9a0dc33df69d8
https://conda.anaconda.org/conda-forge/linux-64/mpc-1.3.1-hfe3b2da_0.conda#289c71e83dc0daa7d4c81f04180778ca
https://conda.anaconda.org/conda-forge/linux-64/python-3.10.9-he550d4f_0_cpython.conda#3cb3e91b3fe66baa68a12c85f39b9b40
https://conda.anaconda.org/conda-forge/linux-64/xorg-libx11-1.8.4-h0b41bf4_0.conda#ea8fbfeb976ac49cbeb594e985393514
https://conda.anaconda.org/conda-forge/noarch/certifi-2022.12.7-pyhd8ed1ab_0.conda#fb9addc3db06e56abe03e0e9f21a63e6
https://conda.anaconda.org/conda-forge/noarch/charset-normalizer-2.1.1-pyhd8ed1ab_0.tar.bz2#c1d5b294fbf9a795dec349a6f4d8be8e
https://conda.anaconda.org/conda-forge/noarch/colorama-0.4.6-pyhd8ed1ab_0.tar.bz2#3faab06a954c2a04039983f2c4a50d99
https://conda.anaconda.org/conda-forge/noarch/filelock-3.10.0-pyhd8ed1ab_0.conda#6f90f1dc834447823b11d155726fcb37
https://conda.anaconda.org/conda-forge/linux-64/fontconfig-2.14.2-h14ed4e7_0.conda#0f69b688f52ff6da70bccb7ff7001d1d
https://conda.anaconda.org/conda-forge/linux-64/gmpy2-2.1.2-py310h3ec546c_1.tar.bz2#73f6fa50c32ddd985cf5fba7b890a75c
https://conda.anaconda.org/conda-forge/noarch/idna-3.4-pyhd8ed1ab_0.tar.bz2#34272b248891bddccc64479f9a7fffed
https://conda.anaconda.org/conda-forge/linux-64/lcms2-2.15-hfd0df8a_0.conda#aa8840cdf17ef0c6084d1e24abc7a28b
https://conda.anaconda.org/conda-forge/linux-64/libcurl-7.88.1-hdc1c0ab_1.conda#3d1189864d1c0ed2a5919cb067b5903d
https://conda.anaconda.org/conda-forge/linux-64/markupsafe-2.1.2-py310h1fa729e_0.conda#a1f0db6709778b77b5903541eeac4032
https://conda.anaconda.org/conda-forge/noarch/mpmath-1.3.0-pyhd8ed1ab_0.conda#dbf6e2d89137da32fa6670f3bffc024e
https://conda.anaconda.org/conda-forge/noarch/networkx-3.0-pyhd8ed1ab_0.conda#88e40007414ea9a13f8df20fcffa87e2
https://conda.anaconda.org/conda-forge/linux-64/openjpeg-2.5.0-hfec8fc6_2.conda#5ce6a42505c6e9e6151c54c3ec8d68ea
https://conda.anaconda.org/conda-forge/noarch/packaging-23.0-pyhd8ed1ab_0.conda#1ff2e3ca41f0ce16afec7190db28288b
https://conda.anaconda.org/conda-forge/noarch/pluggy-1.0.0-pyhd8ed1ab_5.tar.bz2#7d301a0d25f424d96175f810935f0da9
https://conda.anaconda.org/conda-forge/linux-64/pycosat-0.6.4-py310h5764c6d_1.tar.bz2#0e565d732f6660374b45d76761c09b06
https://conda.anaconda.org/conda-forge/noarch/pycparser-2.21-pyhd8ed1ab_0.tar.bz2#076becd9e05608f8dc72757d5f3a91ff
https://conda.anaconda.org/conda-forge/noarch/pysocks-1.7.1-pyha2e5f31_6.tar.bz2#2a7de29fb590ca14b5243c4c812c8025
https://conda.anaconda.org/conda-forge/linux-64/ruamel.yaml.clib-0.2.7-py310h1fa729e_1.conda#2f9b517412af46255cef5e53a22c264e
https://conda.anaconda.org/conda-forge/noarch/setuptools-67.6.0-pyhd8ed1ab_0.conda#e18ed61c37145bb9b48d1d98801960f7
https://conda.anaconda.org/conda-forge/linux-64/tbb-2021.8.0-hf52228f_0.conda#b4188d0c54ead87b3c6bc9cb07281f40
https://conda.anaconda.org/conda-forge/noarch/toolz-0.12.0-pyhd8ed1ab_0.tar.bz2#92facfec94bc02d6ccf42e7173831a36
https://conda.anaconda.org/conda-forge/noarch/typing_extensions-4.5.0-pyha770c72_0.conda#43e7d9e50261fb11deb76e17d8431aac
https://conda.anaconda.org/conda-forge/noarch/wheel-0.40.0-pyhd8ed1ab_0.conda#49bb0d9e60ce1db25e151780331bb5f3
https://conda.anaconda.org/conda-forge/linux-64/xorg-libxext-1.3.4-h0b41bf4_2.conda#82b6df12252e6f32402b96dacc656fec
https://conda.anaconda.org/conda-forge/linux-64/xorg-libxfixes-5.0.3-h7f98852_1004.tar.bz2#e9a21aa4d5e3e5f1aed71e8cefd46b6a
https://conda.anaconda.org/conda-forge/linux-64/cffi-1.15.1-py310h255011f_3.conda#800596144bb613cd7ac58b80900ce835
https://conda.anaconda.org/conda-forge/noarch/jinja2-3.1.2-pyhd8ed1ab_1.tar.bz2#c8490ed5c70966d232fdd389d0dbed37
https://conda.anaconda.org/conda-forge/linux-64/libmamba-1.3.1-hcea66bb_2.conda#6916be1fb023d7f8e34dbd55068a8eff
https://conda.anaconda.org/conda-forge/linux-64/libva-2.18.0-h0b41bf4_0.conda#56e049224de34bbe0478aad422227942
https://conda.anaconda.org/conda-forge/linux-64/mkl-2022.1.0-h84fe81f_915.tar.bz2#b9c8f925797a93dbff45e1626b025a6b
https://conda.anaconda.org/conda-forge/linux-64/pillow-9.4.0-py310h023d228_1.conda#bbea829b541aa15df5c65bd40b8c1981
https://conda.anaconda.org/conda-forge/noarch/pip-23.0.1-pyhd8ed1ab_0.conda#8025ca83b8ba5430b640b83917c2a6f7
https://conda.anaconda.org/conda-forge/linux-64/ruamel.yaml-0.17.21-py310h1fa729e_3.conda#97204ae92b703d74a983db0e6d07d009
https://conda.anaconda.org/conda-forge/noarch/sympy-1.11.1-pypyh9d50eac_103.conda#3893579a690fcd781c3dcedfd019bb9f
https://conda.anaconda.org/conda-forge/noarch/tqdm-4.65.0-pyhd8ed1ab_1.conda#ed792aff3acb977d09c7013358097f83
https://conda.anaconda.org/conda-forge/noarch/typing-extensions-4.5.0-hd8ed1ab_0.conda#b3c594fde1a80a1fc3eb9cc4a5dfe392
https://conda.anaconda.org/conda-forge/linux-64/brotlipy-0.7.0-py310h5764c6d_1005.tar.bz2#87669c3468dff637bbd0363bc0f895cf
https://conda.anaconda.org/conda-forge/linux-64/cryptography-39.0.2-py310h34c0648_0.conda#99dc5a02a8b16cd88ca9a12354496e78
https://conda.anaconda.org/conda-forge/linux-64/ffmpeg-5.1.2-gpl_h8dda1f0_106.conda#6845420373a9e260942bfbc5c786a4bb
https://conda.anaconda.org/conda-forge/linux-64/libblas-3.9.0-16_linux64_mkl.tar.bz2#85f61af03fd291dae33150ffe89dc09a
https://conda.anaconda.org/conda-forge/linux-64/libmambapy-1.3.1-py310h1428755_2.conda#6f76ac2aaeb3017caa7679a24e32a4f0
https://conda.anaconda.org/conda-forge/linux-64/mkl-devel-2022.1.0-ha770c72_916.tar.bz2#69ba49e445f87aea2cba343a71a35ca2
https://conda.anaconda.org/conda-forge/noarch/platformdirs-3.1.1-pyhd8ed1ab_0.conda#1d1a27f637808c76dd83e3f469aa6f7e
https://conda.anaconda.org/conda-forge/linux-64/zstandard-0.19.0-py310hdeb6495_1.conda#2cce1a48e6687f64d371d2e7fc9c7fbf
https://conda.anaconda.org/conda-forge/noarch/conda-package-streaming-0.7.0-pyhd8ed1ab_1.conda#1a2fa9e53cfbc2e4d9ab21990805a436
https://conda.anaconda.org/conda-forge/linux-64/libcblas-3.9.0-16_linux64_mkl.tar.bz2#361bf757b95488de76c4f123805742d3
https://conda.anaconda.org/conda-forge/linux-64/liblapack-3.9.0-16_linux64_mkl.tar.bz2#a2f166748917d6d6e4707841ca1f519e
https://conda.anaconda.org/conda-forge/noarch/pyopenssl-23.0.0-pyhd8ed1ab_0.conda#d41957700e83bbb925928764cb7f8878
https://conda.anaconda.org/conda-forge/noarch/conda-package-handling-2.0.2-pyh38be061_0.conda#44800e9bd13143292097c65e57323038
https://conda.anaconda.org/conda-forge/linux-64/liblapacke-3.9.0-16_linux64_mkl.tar.bz2#44ccc4d4dca6a8d57fa17442bc64b5a1
https://conda.anaconda.org/conda-forge/linux-64/numpy-1.24.2-py310h8deb116_0.conda#b7085457309e206174b8e234d90a7605
https://conda.anaconda.org/conda-forge/noarch/urllib3-1.26.15-pyhd8ed1ab_0.conda#27db656619a55d727eaf5a6ece3d2fd6
https://conda.anaconda.org/conda-forge/linux-64/blas-devel-3.9.0-16_linux64_mkl.tar.bz2#3f92c1c9e1c0e183462c5071aa02cae1
https://conda.anaconda.org/conda-forge/noarch/requests-2.28.2-pyhd8ed1ab_0.conda#11d178fc55199482ee48d6812ea83983
https://conda.anaconda.org/conda-forge/linux-64/blas-2.116-mkl.tar.bz2#c196a26abf6b4f132c88828ab7c2231c
https://conda.anaconda.org/conda-forge/linux-64/conda-23.1.0-py310hff52083_0.conda#c2f5cd14bf4a8cc673f66fd9839e6602
https://conda.anaconda.org/conda-forge/noarch/pooch-1.7.0-pyha770c72_2.conda#2794d1b53ad3ddb1e61f27d1151ccfc7
https://conda.anaconda.org/conda-forge/linux-64/mamba-1.3.1-py310h51d5547_2.conda#198d133629036fc81eea8b2cf0610952
https://conda.anaconda.org/conda-forge/linux-64/scipy-1.10.1-py310h8deb116_0.conda#4c9604c5ec179c21f8f0a09e3c164480
https://conda.anaconda.org/pytorch/linux-64/pytorch-2.0.0-py3.10_cuda11.8_cudnn8.7.0_0.tar.bz2#5c09832ee6852c9b6bf01dbae73f640e
https://conda.anaconda.org/pytorch/linux-64/torchtriton-2.0.0-py310.tar.bz2#e34aa90f6d7c20babf28fc9225b2a3eb
https://conda.anaconda.org/pytorch/linux-64/torchvision-0.15.0-py310_cu118.tar.bz2#ac374adbb12def94ec00820f48bcbe15